
Microsoft Visual Studio Solution File, Format Version 12.00
# Visual Studio Version 16
VisualStudioVersion = 16.0.29025.244
MinimumVisualStudioVersion = 10.0.40219.1
Project("{9A19103F-16F7-4668-BE54-9A1E7A4F7556}") = "ARDC.NetCore.Playground.API", "ARDC.NetCore.Playground.API\ARDC.NetCore.Playground.API.csproj", "{19AF0BCB-DDD3-4CAA-AB96-4ABC41F6B126}"
EndProject
Project("{9A19103F-16F7-4668-BE54-9A1E7A4F7556}") = "ARDC.NetCore.Playground.Domain", "ARDC.NetCore.Playground.Domain\ARDC.NetCore.Playground.Domain.csproj", "{B0C79C9D-2ADD-4B17-B882-83C7420252FD}"
EndProject
Project("{2150E333-8FDC-42A3-9474-1A3956D46DE8}") = "Persistence", "Persistence", "{E8699914-D1B0-4230-A03A-1EFDE5449DF8}"
EndProject
Project("{9A19103F-16F7-4668-BE54-9A1E7A4F7556}") = "ARDC.NetCore.Playground.Persistance.Mock", "ARDC.NetCore.Playground.Persistance.Mock\ARDC.NetCore.Playground.Persistance.Mock.csproj", "{A5963B19-69FA-4890-AC53-AF8933E3B673}"
EndProject
Project("{2150E333-8FDC-42A3-9474-1A3956D46DE8}") = "Tests", "Tests", "{1AF59A00-58B2-4048-B6AA-E9E28CD97C3F}"
EndProject
Project("{9A19103F-16F7-4668-BE54-9A1E7A4F7556}") = "ARDC.NetCore.Playground.Persistance.Mock.Tests", "ARDC.NetCore.Playground.Persistance.Mock.Tests\ARDC.NetCore.Playground.Persistance.Mock.Tests.csproj", "{E19ACE34-D391-4BE4-8856-CB8AF1DCE839}"
EndProject
Project("{2150E333-8FDC-42A3-9474-1A3956D46DE8}") = "Tests", "Tests", "{6C78AC9F-F03A-478E-B1AC-5C1E3B2B0E89}"
EndProject
Project("{FAE04EC0-301F-11D3-BF4B-00C04F79EFBC}") = "ARDC.NetCore.Playground.API.UnitTests", "ARDC.NetCore.Playground.API.UnitTests\ARDC.NetCore.Playground.API.UnitTests.csproj", "{0B460318-BF9A-46CB-95BC-2EFCFED65E5D}"
EndProject
Global
	GlobalSection(SolutionConfigurationPlatforms) = preSolution
		Debug|Any CPU = Debug|Any CPU
		Release|Any CPU = Release|Any CPU
	EndGlobalSection
	GlobalSection(ProjectConfigurationPlatforms) = postSolution
		{19AF0BCB-DDD3-4CAA-AB96-4ABC41F6B126}.Debug|Any CPU.ActiveCfg = Debug|Any CPU
		{19AF0BCB-DDD3-4CAA-AB96-4ABC41F6B126}.Debug|Any CPU.Build.0 = Debug|Any CPU
		{19AF0BCB-DDD3-4CAA-AB96-4ABC41F6B126}.Release|Any CPU.ActiveCfg = Release|Any CPU
		{19AF0BCB-DDD3-4CAA-AB96-4ABC41F6B126}.Release|Any CPU.Build.0 = Release|Any CPU
		{B0C79C9D-2ADD-4B17-B882-83C7420252FD}.Debug|Any CPU.ActiveCfg = Debug|Any CPU
		{B0C79C9D-2ADD-4B17-B882-83C7420252FD}.Debug|Any CPU.Build.0 = Debug|Any CPU
		{B0C79C9D-2ADD-4B17-B882-83C7420252FD}.Release|Any CPU.ActiveCfg = Release|Any CPU
		{B0C79C9D-2ADD-4B17-B882-83C7420252FD}.Release|Any CPU.Build.0 = Release|Any CPU
		{A5963B19-69FA-4890-AC53-AF8933E3B673}.Debug|Any CPU.ActiveCfg = Debug|Any CPU
		{A5963B19-69FA-4890-AC53-AF8933E3B673}.Debug|Any CPU.Build.0 = Debug|Any CPU
		{A5963B19-69FA-4890-AC53-AF8933E3B673}.Release|Any CPU.ActiveCfg = Release|Any CPU
		{A5963B19-69FA-4890-AC53-AF8933E3B673}.Release|Any CPU.Build.0 = Release|Any CPU
		{E19ACE34-D391-4BE4-8856-CB8AF1DCE839}.Debug|Any CPU.ActiveCfg = Debug|Any CPU
		{E19ACE34-D391-4BE4-8856-CB8AF1DCE839}.Debug|Any CPU.Build.0 = Debug|Any CPU
		{E19ACE34-D391-4BE4-8856-CB8AF1DCE839}.Release|Any CPU.ActiveCfg = Release|Any CPU
		{E19ACE34-D391-4BE4-8856-CB8AF1DCE839}.Release|Any CPU.Build.0 = Release|Any CPU
		{0B460318-BF9A-46CB-95BC-2EFCFED65E5D}.Debug|Any CPU.ActiveCfg = Debug|Any CPU
		{0B460318-BF9A-46CB-95BC-2EFCFED65E5D}.Debug|Any CPU.Build.0 = Debug|Any CPU
		{0B460318-BF9A-46CB-95BC-2EFCFED65E5D}.Release|Any CPU.ActiveCfg = Release|Any CPU
		{0B460318-BF9A-46CB-95BC-2EFCFED65E5D}.Release|Any CPU.Build.0 = Release|Any CPU
	EndGlobalSection
	GlobalSection(SolutionProperties) = preSolution
		HideSolutionNode = FALSE
	EndGlobalSection
	GlobalSection(NestedProjects) = preSolution
		{A5963B19-69FA-4890-AC53-AF8933E3B673} = {E8699914-D1B0-4230-A03A-1EFDE5449DF8}
		{1AF59A00-58B2-4048-B6AA-E9E28CD97C3F} = {E8699914-D1B0-4230-A03A-1EFDE5449DF8}
		{E19ACE34-D391-4BE4-8856-CB8AF1DCE839} = {1AF59A00-58B2-4048-B6AA-E9E28CD97C3F}
		{0B460318-BF9A-46CB-95BC-2EFCFED65E5D} = {6C78AC9F-F03A-478E-B1AC-5C1E3B2B0E89}
	EndGlobalSection
	GlobalSection(ExtensibilityGlobals) = postSolution
		SolutionGuid = {6AB0C9E3-3D56-4B89-9092-4423C9596765}
	EndGlobalSection
EndGlobal
